Microsoft Visual Studio Solution File, Format Version 12.00
# Visual Studio Version 17
VisualStudioVersion = 17.12.35707.178
MinimumVisualStudioVersion = 10.0.40219.1
Project("{9A19103F-16F7-4668-BE54-9A1E7A4F7556}") = "NotifyIconSampleApp", "NotifyIconSampleApp\NotifyIconSampleApp.csproj", "{0E77A8A7-259B-4968-8DF2-B87466A62C80}"
EndProject
Project("{9A19103F-16F7-4668-BE54-9A1E7A4F7556}") = "NotifyIconWpf", "NotifyIconWpf\NotifyIconWpf.csproj", "{FD7AEBF8-0044-44C7-8944-ED1D33EB9477}"
EndProject
Project("{8BC9CEB8-8B4A-11D0-8D11-00A0C91BC942}") = "NotifyIconWin32", "NotifyIconWin32\NotifyIconWin32.vcxproj", "{F5DD8D1C-0658-46C9-A5C7-F6B9B4826F93}"
EndProject
Project("{9A19103F-16F7-4668-BE54-9A1E7A4F7556}") = "NotifyIconTest", "NotifyIconTest\NotifyIconTest.csproj", "{872D6DF4-BF1B-423F-8511-7BA5E9749FDB}"
EndProject
Project("{8BC9CEB8-8B4A-11D0-8D11-00A0C91BC942}") = "NotifyIconWin32Fx", "NotifyIconWin32Fx\NotifyIconWin32Fx.vcxproj", "{AE7663E4-465A-402E-9B84-E58812FE1D41}"
EndProject
Project("{FAE04EC0-301F-11D3-BF4B-00C04F79EFBC}") = "NotifyIconSampleAppFx", "NotifyIconSampleAppFx\NotifyIconSampleAppFx.csproj", "{7CD8E24C-8065-4E02-975C-C31517EEFB2E}"
EndProject
Project("{FAE04EC0-301F-11D3-BF4B-00C04F79EFBC}") = "NotifyIconTestFx", "NotifyIconTestFx\NotifyIconTestFx.csproj", "{AB202C31-A624-4D9E-8B2A-2D80265E6A46}"
EndProject
Global
	GlobalSection(SolutionConfigurationPlatforms) = preSolution
		Debug|Any CPU = Debug|Any CPU
		Debug|x64 = Debug|x64
		Debug|x86 = Debug|x86
		Release|Any CPU = Release|Any CPU
		Release|x64 = Release|x64
		Release|x86 = Release|x86
	EndGlobalSection
	GlobalSection(ProjectConfigurationPlatforms) = postSolution
		{0E77A8A7-259B-4968-8DF2-B87466A62C80}.Debug|Any CPU.ActiveCfg = Debug|Any CPU
		{0E77A8A7-259B-4968-8DF2-B87466A62C80}.Debug|Any CPU.Build.0 = Debug|Any CPU
		{0E77A8A7-259B-4968-8DF2-B87466A62C80}.Debug|x64.ActiveCfg = Debug|Any CPU
		{0E77A8A7-259B-4968-8DF2-B87466A62C80}.Debug|x64.Build.0 = Debug|Any CPU
		{0E77A8A7-259B-4968-8DF2-B87466A62C80}.Debug|x86.ActiveCfg = Debug|x86
		{0E77A8A7-259B-4968-8DF2-B87466A62C80}.Debug|x86.Build.0 = Debug|x86
		{0E77A8A7-259B-4968-8DF2-B87466A62C80}.Release|Any CPU.ActiveCfg = Release|Any CPU
		{0E77A8A7-259B-4968-8DF2-B87466A62C80}.Release|Any CPU.Build.0 = Release|Any CPU
		{0E77A8A7-259B-4968-8DF2-B87466A62C80}.Release|x64.ActiveCfg = Release|Any CPU
		{0E77A8A7-259B-4968-8DF2-B87466A62C80}.Release|x64.Build.0 = Release|Any CPU
		{0E77A8A7-259B-4968-8DF2-B87466A62C80}.Release|x86.ActiveCfg = Release|x86
		{0E77A8A7-259B-4968-8DF2-B87466A62C80}.Release|x86.Build.0 = Release|x86
		{FD7AEBF8-0044-44C7-8944-ED1D33EB9477}.Debug|Any CPU.ActiveCfg = Debug|Any CPU
		{FD7AEBF8-0044-44C7-8944-ED1D33EB9477}.Debug|Any CPU.Build.0 = Debug|Any CPU
		{FD7AEBF8-0044-44C7-8944-ED1D33EB9477}.Debug|x64.ActiveCfg = Debug|Any CPU
		{FD7AEBF8-0044-44C7-8944-ED1D33EB9477}.Debug|x64.Build.0 = Debug|Any CPU
		{FD7AEBF8-0044-44C7-8944-ED1D33EB9477}.Debug|x86.ActiveCfg = Debug|x86
		{FD7AEBF8-0044-44C7-8944-ED1D33EB9477}.Debug|x86.Build.0 = Debug|x86
		{FD7AEBF8-0044-44C7-8944-ED1D33EB9477}.Release|Any CPU.ActiveCfg = Release|Any CPU
		{FD7AEBF8-0044-44C7-8944-ED1D33EB9477}.Release|Any CPU.Build.0 = Release|Any CPU
		{FD7AEBF8-0044-44C7-8944-ED1D33EB9477}.Release|x64.ActiveCfg = Release|Any CPU
		{FD7AEBF8-0044-44C7-8944-ED1D33EB9477}.Release|x64.Build.0 = Release|Any CPU
		{FD7AEBF8-0044-44C7-8944-ED1D33EB9477}.Release|x86.ActiveCfg = Release|x86
		{FD7AEBF8-0044-44C7-8944-ED1D33EB9477}.Release|x86.Build.0 = Release|x86
		{F5DD8D1C-0658-46C9-A5C7-F6B9B4826F93}.Debug|Any CPU.ActiveCfg = Debug|x64
		{F5DD8D1C-0658-46C9-A5C7-F6B9B4826F93}.Debug|Any CPU.Build.0 = Debug|x64
		{F5DD8D1C-0658-46C9-A5C7-F6B9B4826F93}.Debug|x64.ActiveCfg = Debug|x64
		{F5DD8D1C-0658-46C9-A5C7-F6B9B4826F93}.Debug|x64.Build.0 = Debug|x64
		{F5DD8D1C-0658-46C9-A5C7-F6B9B4826F93}.Debug|x86.ActiveCfg = Debug|Win32
		{F5DD8D1C-0658-46C9-A5C7-F6B9B4826F93}.Debug|x86.Build.0 = Debug|Win32
		{F5DD8D1C-0658-46C9-A5C7-F6B9B4826F93}.Release|Any CPU.ActiveCfg = Release|x64
		{F5DD8D1C-0658-46C9-A5C7-F6B9B4826F93}.Release|Any CPU.Build.0 = Release|x64
		{F5DD8D1C-0658-46C9-A5C7-F6B9B4826F93}.Release|x64.ActiveCfg = Release|x64
		{F5DD8D1C-0658-46C9-A5C7-F6B9B4826F93}.Release|x64.Build.0 = Release|x64
		{F5DD8D1C-0658-46C9-A5C7-F6B9B4826F93}.Release|x86.ActiveCfg = Release|Win32
		{F5DD8D1C-0658-46C9-A5C7-F6B9B4826F93}.Release|x86.Build.0 = Release|Win32
		{872D6DF4-BF1B-423F-8511-7BA5E9749FDB}.Debug|Any CPU.ActiveCfg = Debug|Any CPU
		{872D6DF4-BF1B-423F-8511-7BA5E9749FDB}.Debug|Any CPU.Build.0 = Debug|Any CPU
		{872D6DF4-BF1B-423F-8511-7BA5E9749FDB}.Debug|x64.ActiveCfg = Debug|Any CPU
		{872D6DF4-BF1B-423F-8511-7BA5E9749FDB}.Debug|x64.Build.0 = Debug|Any CPU
		{872D6DF4-BF1B-423F-8511-7BA5E9749FDB}.Debug|x86.ActiveCfg = Debug|x86
		{872D6DF4-BF1B-423F-8511-7BA5E9749FDB}.Debug|x86.Build.0 = Debug|x86
		{872D6DF4-BF1B-423F-8511-7BA5E9749FDB}.Release|Any CPU.ActiveCfg = Release|Any CPU
		{872D6DF4-BF1B-423F-8511-7BA5E9749FDB}.Release|Any CPU.Build.0 = Release|Any CPU
		{872D6DF4-BF1B-423F-8511-7BA5E9749FDB}.Release|x64.ActiveCfg = Release|Any CPU
		{872D6DF4-BF1B-423F-8511-7BA5E9749FDB}.Release|x64.Build.0 = Release|Any CPU
		{872D6DF4-BF1B-423F-8511-7BA5E9749FDB}.Release|x86.ActiveCfg = Release|x86
		{872D6DF4-BF1B-423F-8511-7BA5E9749FDB}.Release|x86.Build.0 = Release|x86
		{AE7663E4-465A-402E-9B84-E58812FE1D41}.Debug|Any CPU.ActiveCfg = Debug|x64
		{AE7663E4-465A-402E-9B84-E58812FE1D41}.Debug|Any CPU.Build.0 = Debug|x64
		{AE7663E4-465A-402E-9B84-E58812FE1D41}.Debug|x64.ActiveCfg = Debug|x64
		{AE7663E4-465A-402E-9B84-E58812FE1D41}.Debug|x64.Build.0 = Debug|x64
		{AE7663E4-465A-402E-9B84-E58812FE1D41}.Debug|x86.ActiveCfg = Debug|Win32
		{AE7663E4-465A-402E-9B84-E58812FE1D41}.Debug|x86.Build.0 = Debug|Win32
		{AE7663E4-465A-402E-9B84-E58812FE1D41}.Release|Any CPU.ActiveCfg = Release|x64
		{AE7663E4-465A-402E-9B84-E58812FE1D41}.Release|Any CPU.Build.0 = Release|x64
		{AE7663E4-465A-402E-9B84-E58812FE1D41}.Release|x64.ActiveCfg = Release|x64
		{AE7663E4-465A-402E-9B84-E58812FE1D41}.Release|x64.Build.0 = Release|x64
		{AE7663E4-465A-402E-9B84-E58812FE1D41}.Release|x86.ActiveCfg = Release|Win32
		{AE7663E4-465A-402E-9B84-E58812FE1D41}.Release|x86.Build.0 = Release|Win32
		{7CD8E24C-8065-4E02-975C-C31517EEFB2E}.Debug|Any CPU.ActiveCfg = Debug|Any CPU
		{7CD8E24C-8065-4E02-975C-C31517EEFB2E}.Debug|Any CPU.Build.0 = Debug|Any CPU
		{7CD8E24C-8065-4E02-975C-C31517EEFB2E}.Debug|x64.ActiveCfg = Debug|Any CPU
		{7CD8E24C-8065-4E02-975C-C31517EEFB2E}.Debug|x64.Build.0 = Debug|Any CPU
		{7CD8E24C-8065-4E02-975C-C31517EEFB2E}.Debug|x86.ActiveCfg = Debug|x86
		{7CD8E24C-8065-4E02-975C-C31517EEFB2E}.Debug|x86.Build.0 = Debug|x86
		{7CD8E24C-8065-4E02-975C-C31517EEFB2E}.Release|Any CPU.ActiveCfg = Release|Any CPU
		{7CD8E24C-8065-4E02-975C-C31517EEFB2E}.Release|Any CPU.Build.0 = Release|Any CPU
		{7CD8E24C-8065-4E02-975C-C31517EEFB2E}.Release|x64.ActiveCfg = Release|Any CPU
		{7CD8E24C-8065-4E02-975C-C31517EEFB2E}.Release|x64.Build.0 = Release|Any CPU
		{7CD8E24C-8065-4E02-975C-C31517EEFB2E}.Release|x86.ActiveCfg = Release|x86
		{7CD8E24C-8065-4E02-975C-C31517EEFB2E}.Release|x86.Build.0 = Release|x86
		{AB202C31-A624-4D9E-8B2A-2D80265E6A46}.Debug|Any CPU.ActiveCfg = Debug|Any CPU
		{AB202C31-A624-4D9E-8B2A-2D80265E6A46}.Debug|Any CPU.Build.0 = Debug|Any CPU
		{AB202C31-A624-4D9E-8B2A-2D80265E6A46}.Debug|x64.ActiveCfg = Debug|Any CPU
		{AB202C31-A624-4D9E-8B2A-2D80265E6A46}.Debug|x64.Build.0 = Debug|Any CPU
		{AB202C31-A624-4D9E-8B2A-2D80265E6A46}.Debug|x86.ActiveCfg = Debug|x86
		{AB202C31-A624-4D9E-8B2A-2D80265E6A46}.Debug|x86.Build.0 = Debug|x86
		{AB202C31-A624-4D9E-8B2A-2D80265E6A46}.Release|Any CPU.ActiveCfg = Release|Any CPU
		{AB202C31-A624-4D9E-8B2A-2D80265E6A46}.Release|Any CPU.Build.0 = Release|Any CPU
		{AB202C31-A624-4D9E-8B2A-2D80265E6A46}.Release|x64.ActiveCfg = Release|Any CPU
		{AB202C31-A624-4D9E-8B2A-2D80265E6A46}.Release|x64.Build.0 = Release|Any CPU
		{AB202C31-A624-4D9E-8B2A-2D80265E6A46}.Release|x86.ActiveCfg = Release|x86
		{AB202C31-A624-4D9E-8B2A-2D80265E6A46}.Release|x86.Build.0 = Release|x86
	EndGlobalSection
	GlobalSection(SolutionProperties) = preSolution
		HideSolutionNode = FALSE
	EndGlobalSection
	GlobalSection(ExtensibilityGlobals) = postSolution
		SolutionGuid = {B455CB52-88DB-4112-8998-075F23ABE2CA}
	EndGlobalSection
EndGlobal
